
Microsoft Visual Studio Solution File, Format Version 12.00
# Visual Studio 15
VisualStudioVersion = 15.0.28307.1259
MinimumVisualStudioVersion = 10.0.40219.1
Project("{FAE04EC0-301F-11D3-BF4B-00C04F79EFBC}") = "Snake", "Snake\Snake.csproj", "{61D022DA-9184-4B95-856C-AD35AE1B4D9A}"
EndProject
Global
	GlobalSection(SolutionConfigurationPlatforms) = preSolution
		Debug|Any CPU = Debug|Any CPU
		Release|Any CPU = Release|Any CPU
	EndGlobalSection
	GlobalSection(ProjectConfigurationPlatforms) = postSolution
		{61D022DA-9184-4B95-856C-AD35AE1B4D9A}.Debug|Any CPU.ActiveCfg = Debug|Any CPU
		{61D022DA-9184-4B95-856C-AD35AE1B4D9A}.Debug|Any CPU.Build.0 = Debug|Any CPU
		{61D022DA-9184-4B95-856C-AD35AE1B4D9A}.Release|Any CPU.ActiveCfg = Release|Any CPU
		{61D022DA-9184-4B95-856C-AD35AE1B4D9A}.Release|Any CPU.Build.0 = Release|Any CPU
	EndGlobalSection
	GlobalSection(SolutionProperties) = preSolution
		HideSolutionNode = FALSE
	EndGlobalSection
	GlobalSection(ExtensibilityGlobals) = postSolution
		SolutionGuid = {DF757D1A-3AF2-4DAC-B9D8-E2E7B0B10181}
	EndGlobalSection
EndGlobal
